// !$*UTF8*$!
{
	archiveVersion = 1;
	classes = {
	};
	objectVersion = 77;
	objects = {

/* Begin PBXContainerItemProxy section */
		85617EDB2E80A76F00351BFB /* PBXContainerItemProxy */ = {
			isa = PBXContainerItemProxy;
			containerPortal = 85617EC52E80A76D00351BFB /* Project object */;
			proxyType = 1;
			remoteGlobalIDString = 85617ECC2E80A76D00351BFB;
			remoteInfo = WeSplit;
		};
		85617EE52E80A76F00351BFB /* PBXContainerItemProxy */ = {
			isa = PBXContainerItemProxy;
			containerPortal = 85617EC52E80A76D00351BFB /* Project object */;
			proxyType = 1;
			remoteGlobalIDString = 85617ECC2E80A76D00351BFB;
			remoteInfo = WeSplit;
		};
/* End PBXContainerItemProxy section */

/* Begin PBXFileReference section */
		85617ECD2E80A76D00351BFB /* WeSplit.app */ = {isa = PBXFileReference; explicitFileType = wrapper.application; includeInIndex = 0; path = WeSplit.app; sourceTree = BUILT_PRODUCTS_DIR; };
		85617EDA2E80A76F00351BFB /* WeSplitTests.xctest */ = {isa = PBXFileReference; explicitFileType = wrapper.cfbundle; includeInIndex = 0; path = WeSplitTests.xctest; sourceTree = BUILT_PRODUCTS_DIR; };
		85617EE42E80A76F00351BFB /* WeSplitUITests.xctest */ = {isa = PBXFileReference; explicitFileType = wrapper.cfbundle; includeInIndex = 0; path = WeSplitUITests.xctest; sourceTree = BUILT_PRODUCTS_DIR; };
/* End PBXFileReference section */

/* Begin PBXFileSystemSynchronizedRootGroup section */
		85617ECF2E80A76D00351BFB /* WeSplit */ = {
			isa = PBXFileSystemSynchronizedRootGroup;
			path = WeSplit;
			sourceTree = "<group>";
		};
		85617EDD2E80A76F00351BFB /* WeSplitTests */ = {
			isa = PBXFileSystemSynchronizedRootGroup;
			path = WeSplitTests;
			sourceTree = "<group>";
		};
		85617EE72E80A76F00351BFB /* WeSplitUITests */ = {
			isa = PBXFileSystemSynchronizedRootGroup;
			path = WeSplitUITests;
			sourceTree = "<group>";
		};
/* End PBXFileSystemSynchronizedRootGroup section */

/* Begin PBXFrameworksBuildPhase section */
		85617ECA2E80A76D00351BFB /* Frameworks */ = {
			isa = PBXFrameworksBuildPhase;
			buildActionMask = 2147483647;
			files = (
			);
			runOnlyForDeploymentPostprocessing = 0;
		};
		85617ED72E80A76F00351BFB /* Frameworks */ = {
			isa = PBXFrameworksBuildPhase;
			buildActionMask = 2147483647;
			files = (
			);
			runOnlyForDeploymentPostprocessing = 0;
		};
		85617EE12E80A76F00351BFB /* Frameworks */ = {
			isa = PBXFrameworksBuildPhase;
			buildActionMask = 2147483647;
			files = (
			);
			runOnlyForDeploymentPostprocessing = 0;
		};
/* End PBXFrameworksBuildPhase section */

/* Begin PBXGroup section */
		85617EC42E80A76D00351BFB = {
			isa = PBXGroup;
			children = (
				85617ECF2E80A76D00351BFB /* WeSplit */,
				85617EDD2E80A76F00351BFB /* WeSplitTests */,
				85617EE72E80A76F00351BFB /* WeSplitUITests */,
				85617ECE2E80A76D00351BFB /* Products */,
			);
			sourceTree = "<group>";
		};
		85617ECE2E80A76D00351BFB /* Products */ = {
			isa = PBXGroup;
			children = (
				85617ECD2E80A76D00351BFB /* WeSplit.app */,
				85617EDA2E80A76F00351BFB /* WeSplitTests.xctest */,
				85617EE42E80A76F00351BFB /* WeSplitUITests.xctest */,
			);
			name = Products;
			sourceTree = "<group>";
		};
/* End PBXGroup section */

/* Begin PBXNativeTarget section */
		85617ECC2E80A76D00351BFB /* WeSplit */ = {
			isa = PBXNativeTarget;
			buildConfigurationList = 85617EEE2E80A76F00351BFB /* Build configuration list for PBXNativeTarget "WeSplit" */;
			buildPhases = (
				85617EC92E80A76D00351BFB /* Sources */,
				85617ECA2E80A76D00351BFB /* Frameworks */,
				85617ECB2E80A76D00351BFB /* Resources */,
			);
			buildRules = (
			);
			dependencies = (
			);
			fileSystemSynchronizedGroups = (
				85617ECF2E80A76D00351BFB /* WeSplit */,
			);
			name = WeSplit;
			packageProductDependencies = (
			);
			productName = WeSplit;
			productReference = 85617ECD2E80A76D00351BFB /* WeSplit.app */;
			productType = "com.apple.product-type.application";
		};
		85617ED92E80A76F00351BFB /* WeSplitTests */ = {
			isa = PBXNativeTarget;
			buildConfigurationList = 85617EF12E80A76F00351BFB /* Build configuration list for PBXNativeTarget "WeSplitTests" */;
			buildPhases = (
				85617ED62E80A76F00351BFB /* Sources */,
				85617ED72E80A76F00351BFB /* Frameworks */,
				85617ED82E80A76F00351BFB /* Resources */,
			);
			buildRules = (
			);
			dependencies = (
				85617EDC2E80A76F00351BFB /* PBXTargetDependency */,
			);
			fileSystemSynchronizedGroups = (
				85617EDD2E80A76F00351BFB /* WeSplitTests */,
			);
			name = WeSplitTests;
			packageProductDependencies = (
			);
			productName = WeSplitTests;
			productReference = 85617EDA2E80A76F00351BFB /* WeSplitTests.xctest */;
			productType = "com.apple.product-type.bundle.unit-test";
		};
		85617EE32E80A76F00351BFB /* WeSplitUITests */ = {
			isa = PBXNativeTarget;
			buildConfigurationList = 85617EF42E80A76F00351BFB /* Build configuration list for PBXNativeTarget "WeSplitUITests" */;
			buildPhases = (
				85617EE02E80A76F00351BFB /* Sources */,
				85617EE12E80A76F00351BFB /* Frameworks */,
				85617EE22E80A76F00351BFB /* Resources */,
			);
			buildRules = (
			);
			dependencies = (
				85617EE62E80A76F00351BFB /* PBXTargetDependency */,
			);
			fileSystemSynchronizedGroups = (
				85617EE72E80A76F00351BFB /* WeSplitUITests */,
			);
			name = WeSplitUITests;
			packageProductDependencies = (
			);
			productName = WeSplitUITests;
			productReference = 85617EE42E80A76F00351BFB /* WeSplitUITests.xctest */;
			productType = "com.apple.product-type.bundle.ui-testing";
		};
/* End PBXNativeTarget section */

/* Begin PBXProject section */
		85617EC52E80A76D00351BFB /* Project object */ = {
			isa = PBXProject;
			attributes = {
				BuildIndependentTargetsInParallel = 1;
				LastSwiftUpdateCheck = 1640;
				LastUpgradeCheck = 1640;
				TargetAttributes = {
					85617ECC2E80A76D00351BFB = {
						CreatedOnToolsVersion = 16.4;
					};
					85617ED92E80A76F00351BFB = {
						CreatedOnToolsVersion = 16.4;
						TestTargetID = 85617ECC2E80A76D00351BFB;
					};
					85617EE32E80A76F00351BFB = {
						CreatedOnToolsVersion = 16.4;
						TestTargetID = 85617ECC2E80A76D00351BFB;
					};
				};
			};
			buildConfigurationList = 85617EC82E80A76D00351BFB /* Build configuration list for PBXProject "WeSplit" */;
			developmentRegion = en;
			hasScannedForEncodings = 0;
			knownRegions = (
				en,
				Base,
			);
			mainGroup = 85617EC42E80A76D00351BFB;
			minimizedProjectReferenceProxies = 1;
			preferredProjectObjectVersion = 77;
			productRefGroup = 85617ECE2E80A76D00351BFB /* Products */;
			projectDirPath = "";
			projectRoot = "";
			targets = (
				85617ECC2E80A76D00351BFB /* WeSplit */,
				85617ED92E80A76F00351BFB /* WeSplitTests */,
				85617EE32E80A76F00351BFB /* WeSplitUITests */,
			);
		};
/* End PBXProject section */

/* Begin PBXResourcesBuildPhase section */
		85617ECB2E80A76D00351BFB /* Resources */ = {
			isa = PBXResourcesBuildPhase;
			buildActionMask = 2147483647;
			files = (
			);
			runOnlyForDeploymentPostprocessing = 0;
		};
		85617ED82E80A76F00351BFB /* Resources */ = {
			isa = PBXResourcesBuildPhase;
			buildActionMask = 2147483647;
			files = (
			);
			runOnlyForDeploymentPostprocessing = 0;
		};
		85617EE22E80A76F00351BFB /* Resources */ = {
			isa = PBXResourcesBuildPhase;
			buildActionMask = 2147483647;
			files = (
			);
			runOnlyForDeploymentPostprocessing = 0;
		};
/* End PBXResourcesBuildPhase section */

/* Begin PBXSourcesBuildPhase section */
		85617EC92E80A76D00351BFB /* Sources */ = {
			isa = PBXSourcesBuildPhase;
			buildActionMask = 2147483647;
			files = (
			);
			runOnlyForDeploymentPostprocessing = 0;
		};
		85617ED62E80A76F00351BFB /* Sources */ = {
			isa = PBXSourcesBuildPhase;
			buildActionMask = 2147483647;
			files = (
			);
			runOnlyForDeploymentPostprocessing = 0;
		};
		85617EE02E80A76F00351BFB /* Sources */ = {
			isa = PBXSourcesBuildPhase;
			buildActionMask = 2147483647;
			files = (
			);
			runOnlyForDeploymentPostprocessing = 0;
		};
/* End PBXSourcesBuildPhase section */

/* Begin PBXTargetDependency section */
		85617EDC2E80A76F00351BFB /* PBXTargetDependency */ = {
			isa = PBXTargetDependency;
			target = 85617ECC2E80A76D00351BFB /* WeSplit */;
			targetProxy = 85617EDB2E80A76F00351BFB /* PBXContainerItemProxy */;
		};
		85617EE62E80A76F00351BFB /* PBXTargetDependency */ = {
			isa = PBXTargetDependency;
			target = 85617ECC2E80A76D00351BFB /* WeSplit */;
			targetProxy = 85617EE52E80A76F00351BFB /* PBXContainerItemProxy */;
		};
/* End PBXTargetDependency section */

/* Begin XCBuildConfiguration section */
		85617EEC2E80A76F00351BFB /* Debug */ = {
			isa = XCBuildConfiguration;
			buildSettings = {
				ALWAYS_SEARCH_USER_PATHS = NO;
				ASSETCATALOG_COMPILER_GENERATE_SWIFT_ASSET_SYMBOL_EXTENSIONS = YES;
				CLANG_ANALYZER_NONNULL = YES;
				CLANG_ANALYZER_NUMBER_OBJECT_CONVERSION = YES_AGGRESSIVE;
				CLANG_CXX_LANGUAGE_STANDARD = "gnu++20";
				CLANG_ENABLE_MODULES = YES;
				CLANG_ENABLE_OBJC_ARC = YES;
				CLANG_ENABLE_OBJC_WEAK = YES;
				CLANG_WARN_BLOCK_CAPTURE_AUTORELEASING = YES;
				CLANG_WARN_BOOL_CONVERSION = YES;
				CLANG_WARN_COMMA = YES;
				CLANG_WARN_CONSTANT_CONVERSION = YES;
				CLANG_WARN_DEPRECATED_OBJC_IMPLEMENTATIONS = YES;
				CLANG_WARN_DIRECT_OBJC_ISA_USAGE = YES_ERROR;
				CLANG_WARN_DOCUMENTATION_COMMENTS = YES;
				CLANG_WARN_EMPTY_BODY = YES;
				CLANG_WARN_ENUM_CONVERSION = YES;
				CLANG_WARN_INFINITE_RECURSION = YES;
				CLANG_WARN_INT_CONVERSION = YES;
				CLANG_WARN_NON_LITERAL_NULL_CONVERSION = YES;
				CLANG_WARN_OBJC_IMPLICIT_RETAIN_SELF = YES;
				CLANG_WARN_OBJC_LITERAL_CONVERSION = YES;
				CLANG_WARN_OBJC_ROOT_CLASS = YES_ERROR;
				CLANG_WARN_QUOTED_INCLUDE_IN_FRAMEWORK_HEADER = YES;
				CLANG_WARN_RANGE_LOOP_ANALYSIS = YES;
				CLANG_WARN_STRICT_PROTOTYPES = YES;
				CLANG_WARN_SUSPICIOUS_MOVE = YES;
				CLANG_WARN_UNGUARDED_AVAILABILITY = YES_AGGRESSIVE;
				CLANG_WARN_UNREACHABLE_CODE = YES;
				CLANG_WARN__DUPLICATE_METHOD_MATCH = YES;
				COPY_PHASE_STRIP = NO;
				DEBUG_INFORMATION_FORMAT = dwarf;
				ENABLE_STRICT_OBJC_MSGSEND = YES;
				ENABLE_TESTABILITY = YES;
				ENABLE_USER_SCRIPT_SANDBOXING = YES;
				GCC_C_LANGUAGE_STANDARD = gnu17;
				GCC_DYNAMIC_NO_PIC = NO;
				GCC_NO_COMMON_BLOCKS = YES;
				GCC_OPTIMIZATION_LEVEL = 0;
				GCC_PREPROCESSOR_DEFINITIONS = (
					"DEBUG=1",
					"$(inherited)",
				);
				GCC_WARN_64_TO_32_BIT_CONVERSION = YES;
				GCC_WARN_ABOUT_RETURN_TYPE = YES_ERROR;
				GCC_WARN_UNDECLARED_SELECTOR = YES;
				GCC_WARN_UNINITIALIZED_AUTOS = YES_AGGRESSIVE;
				GCC_WARN_UNUSED_FUNCTION = YES;
				GCC_WARN_UNUSED_VARIABLE = YES;
				IPHONEOS_DEPLOYMENT_TARGET = 18.5;
				LOCALIZATION_PREFERS_STRING_CATALOGS = YES;
				MTL_ENABLE_DEBUG_INFO = INCLUDE_SOURCE;
				MTL_FAST_MATH = YES;
				ONLY_ACTIVE_ARCH = YES;
				SDKROOT = iphoneos;
				SWIFT_ACTIVE_COMPILATION_CONDITIONS = "DEBUG $(inherited)";
				SWIFT_OPTIMIZATION_LEVEL = "-Onone";
			};
			name = Debug;
		};
		85617EED2E80A76F00351BFB /* Release */ = {
			isa = XCBuildConfiguration;
			buildSettings = {
				ALWAYS_SEARCH_USER_PATHS = NO;
				ASSETCATALOG_COMPILER_GENERATE_SWIFT_ASSET_SYMBOL_EXTENSIONS = YES;
				CLANG_ANALYZER_NONNULL = YES;
				CLANG_ANALYZER_NUMBER_OBJECT_CONVERSION = YES_AGGRESSIVE;
				CLANG_CXX_LANGUAGE_STANDARD = "gnu++20";
				CLANG_ENABLE_MODULES = YES;
				CLANG_ENABLE_OBJC_ARC = YES;
				CLANG_ENABLE_OBJC_WEAK = YES;
				CLANG_WARN_BLOCK_CAPTURE_AUTORELEASING = YES;
				CLANG_WARN_BOOL_CONVERSION = YES;
				CLANG_WARN_COMMA = YES;
				CLANG_WARN_CONSTANT_CONVERSION = YES;
				CLANG_WARN_DEPRECATED_OBJC_IMPLEMENTATIONS = YES;
				CLANG_WARN_DIRECT_OBJC_ISA_USAGE = YES_ERROR;
				CLANG_WARN_DOCUMENTATION_COMMENTS = YES;
				CLANG_WARN_EMPTY_BODY = YES;
				CLANG_WARN_ENUM_CONVERSION = YES;
				CLANG_WARN_INFINITE_RECURSION = YES;
				CLANG_WARN_INT_CONVERSION = YES;
				CLANG_WARN_NON_LITERAL_NULL_CONVERSION = YES;
				CLANG_WARN_OBJC_IMPLICIT_RETAIN_SELF = YES;
				CLANG_WARN_OBJC_LITERAL_CONVERSION = YES;
				CLANG_WARN_OBJC_ROOT_CLASS = YES_ERROR;
				CLANG_WARN_QUOTED_INCLUDE_IN_FRAMEWORK_HEADER = YES;
				CLANG_WARN_RANGE_LOOP_ANALYSIS = YES;
				CLANG_WARN_STRICT_PROTOTYPES = YES;
				CLANG_WARN_SUSPICIOUS_MOVE = YES;
				CLANG_WARN_UNGUARDED_AVAILABILITY = YES_AGGRESSIVE;
				CLANG_WARN_UNREACHABLE_CODE = YES;
				CLANG_WARN__DUPLICATE_METHOD_MATCH = YES;
				COPY_PHASE_STRIP = NO;
				DEBUG_INFORMATION_FORMAT = "dwarf-with-dsym";
				ENABLE_NS_ASSERTIONS = NO;
				ENABLE_STRICT_OBJC_MSGSEND = YES;
				ENABLE_USER_SCRIPT_SANDBOXING = YES;
				GCC_C_LANGUAGE_STANDARD = gnu17;
				GCC_NO_COMMON_BLOCKS = YES;
				GCC_WARN_64_TO_32_BIT_CONVERSION = YES;
				GCC_WARN_ABOUT_RETURN_TYPE = YES_ERROR;
				GCC_WARN_UNDECLARED_SELECTOR = YES;
				GCC_WARN_UNINITIALIZED_AUTOS = YES_AGGRESSIVE;
				GCC_WARN_UNUSED_FUNCTION = YES;
				GCC_WARN_UNUSED_VARIABLE = YES;
				IPHONEOS_DEPLOYMENT_TARGET = 18.5;
				LOCALIZATION_PREFERS_STRING_CATALOGS = YES;
				MTL_ENABLE_DEBUG_INFO = NO;
				MTL_FAST_MATH = YES;
				SDKROOT = iphoneos;
				SWIFT_COMPILATION_MODE = wholemodule;
				VALIDATE_PRODUCT = YES;
			};
			name = Release;
		};
		85617EEF2E80A76F00351BFB /* Debug */ = {
			isa = XCBuildConfiguration;
			buildSettings = {
				ASSETCATALOG_COMPILER_APPICON_NAME = AppIcon;
				ASSETCATALOG_COMPILER_GLOBAL_ACCENT_COLOR_NAME = AccentColor;
				CODE_SIGN_STYLE = Automatic;
				CURRENT_PROJECT_VERSION = 1;
				ENABLE_PREVIEWS = YES;
				GENERATE_INFOPLIST_FILE = YES;
				INFOPLIST_KEY_UIApplicationSceneManifest_Generation = YES;
				INFOPLIST_KEY_UIApplicationSupportsIndirectInputEvents = YES;
				INFOPLIST_KEY_UILaunchScreen_Generation = YES;
				INFOPLIST_KEY_UISupportedInterfaceOrientations_iPad = "UIInterfaceOrientationPortrait UIInterfaceOrientationPortraitUpsideDown UIInterfaceOrientationLandscapeLeft UIInterfaceOrientationLandscapeRight";
				INFOPLIST_KEY_UISupportedInterfaceOrientations_iPhone = "UIInterfaceOrientationPortrait UIInterfaceOrientationLandscapeLeft UIInterfaceOrientationLandscapeRight";
				LD_RUNPATH_SEARCH_PATHS = (
					"$(inherited)",
					"@executable_path/Frameworks",
				);
				MARKETING_VERSION = 1.0;
				PRODUCT_BUNDLE_IDENTIFIER = me.yourMaksim.ourMinakov.WeSplit;
				PRODUCT_NAME = "$(TARGET_NAME)";
				SWIFT_EMIT_LOC_STRINGS = YES;
				SWIFT_VERSION = 5.0;
				TARGETED_DEVICE_FAMILY = "1,2";
			};
			name = Debug;
		};
		85617EF02E80A76F00351BFB /* Release */ = {
			isa = XCBuildConfiguration;
			buildSettings = {
				ASSETCATALOG_COMPILER_APPICON_NAME = AppIcon;
				ASSETCATALOG_COMPILER_GLOBAL_ACCENT_COLOR_NAME = AccentColor;
				CODE_SIGN_STYLE = Automatic;
				CURRENT_PROJECT_VERSION = 1;
				ENABLE_PREVIEWS = YES;
				GENERATE_INFOPLIST_FILE = YES;
				INFOPLIST_KEY_UIApplicationSceneManifest_Generation = YES;
				INFOPLIST_KEY_UIApplicationSupportsIndirectInputEvents = YES;
				INFOPLIST_KEY_UILaunchScreen_Generation = YES;
				INFOPLIST_KEY_UISupportedInterfaceOrientations_iPad = "UIInterfaceOrientationPortrait UIInterfaceOrientationPortraitUpsideDown UIInterfaceOrientationLandscapeLeft UIInterfaceOrientationLandscapeRight";
				INFOPLIST_KEY_UISupportedInterfaceOrientations_iPhone = "UIInterfaceOrientationPortrait UIInterfaceOrientationLandscapeLeft UIInterfaceOrientationLandscapeRight";
				LD_RUNPATH_SEARCH_PATHS = (
					"$(inherited)",
					"@executable_path/Frameworks",
				);
				MARKETING_VERSION = 1.0;
				PRODUCT_BUNDLE_IDENTIFIER = me.yourMaksim.ourMinakov.WeSplit;
				PRODUCT_NAME = "$(TARGET_NAME)";
				SWIFT_EMIT_LOC_STRINGS = YES;
				SWIFT_VERSION = 5.0;
				TARGETED_DEVICE_FAMILY = "1,2";
			};
			name = Release;
		};
		85617EF22E80A76F00351BFB /* Debug */ = {
			isa = XCBuildConfiguration;
			buildSettings = {
				BUNDLE_LOADER = "$(TEST_HOST)";
				CODE_SIGN_STYLE = Automatic;
				CURRENT_PROJECT_VERSION = 1;
				GENERATE_INFOPLIST_FILE = YES;
				IPHONEOS_DEPLOYMENT_TARGET = 18.5;
				MARKETING_VERSION = 1.0;
				PRODUCT_BUNDLE_IDENTIFIER = me.yourMaksim.ourMinakov.WeSplitTests;
				PRODUCT_NAME = "$(TARGET_NAME)";
				SWIFT_EMIT_LOC_STRINGS = NO;
				SWIFT_VERSION = 5.0;
				TARGETED_DEVICE_FAMILY = "1,2";
				TEST_HOST = "$(BUILT_PRODUCTS_DIR)/WeSplit.app/$(BUNDLE_EXECUTABLE_FOLDER_PATH)/WeSplit";
			};
			name = Debug;
		};
		85617EF32E80A76F00351BFB /* Release */ = {
			isa = XCBuildConfiguration;
			buildSettings = {
				BUNDLE_LOADER = "$(TEST_HOST)";
				CODE_SIGN_STYLE = Automatic;
				CURRENT_PROJECT_VERSION = 1;
				GENERATE_INFOPLIST_FILE = YES;
				IPHONEOS_DEPLOYMENT_TARGET = 18.5;
				MARKETING_VERSION = 1.0;
				PRODUCT_BUNDLE_IDENTIFIER = me.yourMaksim.ourMinakov.WeSplitTests;
				PRODUCT_NAME = "$(TARGET_NAME)";
				SWIFT_EMIT_LOC_STRINGS = NO;
				SWIFT_VERSION = 5.0;
				TARGETED_DEVICE_FAMILY = "1,2";
				TEST_HOST = "$(BUILT_PRODUCTS_DIR)/WeSplit.app/$(BUNDLE_EXECUTABLE_FOLDER_PATH)/WeSplit";
			};
			name = Release;
		};
		85617EF52E80A76F00351BFB /* Debug */ = {
			isa = XCBuildConfiguration;
			buildSettings = {
				CODE_SIGN_STYLE = Automatic;
				CURRENT_PROJECT_VERSION = 1;
				GENERATE_INFOPLIST_FILE = YES;
				MARKETING_VERSION = 1.0;
				PRODUCT_BUNDLE_IDENTIFIER = me.yourMaksim.ourMinakov.WeSplitUITests;
				PRODUCT_NAME = "$(TARGET_NAME)";
				SWIFT_EMIT_LOC_STRINGS = NO;
				SWIFT_VERSION = 5.0;
				TARGETED_DEVICE_FAMILY = "1,2";
				TEST_TARGET_NAME = WeSplit;
			};
			name = Debug;
		};
		85617EF62E80A76F00351BFB /* Release */ = {
			isa = XCBuildConfiguration;
			buildSettings = {
				CODE_SIGN_STYLE = Automatic;
				CURRENT_PROJECT_VERSION = 1;
				GENERATE_INFOPLIST_FILE = YES;
				MARKETING_VERSION = 1.0;
				PRODUCT_BUNDLE_IDENTIFIER = me.yourMaksim.ourMinakov.WeSplitUITests;
				PRODUCT_NAME = "$(TARGET_NAME)";
				SWIFT_EMIT_LOC_STRINGS = NO;
				SWIFT_VERSION = 5.0;
				TARGETED_DEVICE_FAMILY = "1,2";
				TEST_TARGET_NAME = WeSplit;
			};
			name = Release;
		};
/* End XCBuildConfiguration section */

/* Begin XCConfigurationList section */
		85617EC82E80A76D00351BFB /* Build configuration list for PBXProject "WeSplit" */ = {
			isa = XCConfigurationList;
			buildConfigurations = (
				85617EEC2E80A76F00351BFB /* Debug */,
				85617EED2E80A76F00351BFB /* Release */,
			);
			defaultConfigurationIsVisible = 0;
			defaultConfigurationName = Release;
		};
		85617EEE2E80A76F00351BFB /* Build configuration list for PBXNativeTarget "WeSplit" */ = {
			isa = XCConfigurationList;
			buildConfigurations = (
				85617EEF2E80A76F00351BFB /* Debug */,
				85617EF02E80A76F00351BFB /* Release */,
			);
			defaultConfigurationIsVisible = 0;
			defaultConfigurationName = Release;
		};
		85617EF12E80A76F00351BFB /* Build configuration list for PBXNativeTarget "WeSplitTests" */ = {
			isa = XCConfigurationList;
			buildConfigurations = (
				85617EF22E80A76F00351BFB /* Debug */,
				85617EF32E80A76F00351BFB /* Release */,
			);
			defaultConfigurationIsVisible = 0;
			defaultConfigurationName = Release;
		};
		85617EF42E80A76F00351BFB /* Build configuration list for PBXNativeTarget "WeSplitUITests" */ = {
			isa = XCConfigurationList;
			buildConfigurations = (
				85617EF52E80A76F00351BFB /* Debug */,
				85617EF62E80A76F00351BFB /* Release */,
			);
			defaultConfigurationIsVisible = 0;
			defaultConfigurationName = Release;
		};
/* End XCConfigurationList section */
	};
	rootObject = 85617EC52E80A76D00351BFB /* Project object */;
}
